
Microsoft Visual Studio Solution File, Format Version 12.00
# Visual Studio Version 17
VisualStudioVersion = 17.4.33205.214
MinimumVisualStudioVersion = 10.0.40219.1
Project("{9A19103F-16F7-4668-BE54-9A1E7A4F7556}") = "ShutterStream.Api", "ShutterStream\ShutterStream.Api.csproj", "{2D96008B-A230-4C49-B376-786ACAF84D24}"
EndProject
Project("{9A19103F-16F7-4668-BE54-9A1E7A4F7556}") = "ShutterStream.Domain", "ShutterStream.Domain\ShutterStream.Domain.csproj", "{89D71C74-29F9-4454-A518-C1255B136D25}"
EndProject
Project("{9A19103F-16F7-4668-BE54-9A1E7A4F7556}") = "ShutterStream.Infrastructure", "ShutterStream.Infrastructure\ShutterStream.Infrastructure.csproj", "{0D0D7443-5344-4477-98F5-A0E8E130B754}"
EndProject
Global
	GlobalSection(SolutionConfigurationPlatforms) = preSolution
		Debug|Any CPU = Debug|Any CPU
		Release|Any CPU = Release|Any CPU
	EndGlobalSection
	GlobalSection(ProjectConfigurationPlatforms) = postSolution
		{2D96008B-A230-4C49-B376-786ACAF84D24}.Debug|Any CPU.ActiveCfg = Debug|Any CPU
		{2D96008B-A230-4C49-B376-786ACAF84D24}.Debug|Any CPU.Build.0 = Debug|Any CPU
		{2D96008B-A230-4C49-B376-786ACAF84D24}.Release|Any CPU.ActiveCfg = Release|Any CPU
		{2D96008B-A230-4C49-B376-786ACAF84D24}.Release|Any CPU.Build.0 = Release|Any CPU
		{89D71C74-29F9-4454-A518-C1255B136D25}.Debug|Any CPU.ActiveCfg = Debug|Any CPU
		{89D71C74-29F9-4454-A518-C1255B136D25}.Debug|Any CPU.Build.0 = Debug|Any CPU
		{89D71C74-29F9-4454-A518-C1255B136D25}.Release|Any CPU.ActiveCfg = Release|Any CPU
		{89D71C74-29F9-4454-A518-C1255B136D25}.Release|Any CPU.Build.0 = Release|Any CPU
		{0D0D7443-5344-4477-98F5-A0E8E130B754}.Debug|Any CPU.ActiveCfg = Debug|Any CPU
		{0D0D7443-5344-4477-98F5-A0E8E130B754}.Debug|Any CPU.Build.0 = Debug|Any CPU
		{0D0D7443-5344-4477-98F5-A0E8E130B754}.Release|Any CPU.ActiveCfg = Release|Any CPU
		{0D0D7443-5344-4477-98F5-A0E8E130B754}.Release|Any CPU.Build.0 = Release|Any CPU
	EndGlobalSection
	GlobalSection(SolutionProperties) = preSolution
		HideSolutionNode = FALSE
	EndGlobalSection
	GlobalSection(ExtensibilityGlobals) = postSolution
		SolutionGuid = {54B27BE7-585F-406F-9C06-DB2349481219}
	EndGlobalSection
EndGlobal
